
Microsoft Visual Studio Solution File, Format Version 12.00
# Visual Studio Version 17
VisualStudioVersion = 17.4.33213.308
MinimumVisualStudioVersion = 10.0.40219.1
Project("{FAE04EC0-301F-11D3-BF4B-00C04F79EFBC}") = "Permutation", "Permutation\Permutation.csproj", "{F6F68B35-CD96-47A6-8823-17E50FFFD6E3}"
EndProject
Global
	GlobalSection(SolutionConfigurationPlatforms) = preSolution
		Debug|Any CPU = Debug|Any CPU
		Release|Any CPU = Release|Any CPU
	EndGlobalSection
	GlobalSection(ProjectConfigurationPlatforms) = postSolution
		{F6F68B35-CD96-47A6-8823-17E50FFFD6E3}.Debug|Any CPU.ActiveCfg = Debug|Any CPU
		{F6F68B35-CD96-47A6-8823-17E50FFFD6E3}.Debug|Any CPU.Build.0 = Debug|Any CPU
		{F6F68B35-CD96-47A6-8823-17E50FFFD6E3}.Release|Any CPU.ActiveCfg = Release|Any CPU
		{F6F68B35-CD96-47A6-8823-17E50FFFD6E3}.Release|Any CPU.Build.0 = Release|Any CPU
	EndGlobalSection
	GlobalSection(SolutionProperties) = preSolution
		HideSolutionNode = FALSE
	EndGlobalSection
	GlobalSection(ExtensibilityGlobals) = postSolution
		SolutionGuid = {B55D1FD8-9FBD-4EB7-82B5-7F9F33DE1664}
	EndGlobalSection
EndGlobal
